
Microsoft Visual Studio Solution File, Format Version 12.00
# Visual Studio 15
VisualStudioVersion = 15.0.26730.16
MinimumVisualStudioVersion = 10.0.40219.1
Project("{FAE04EC0-301F-11D3-BF4B-00C04F79EFBC}") = "Receivables.Dal", "Receivables.Dal\Receivables.Dal.csproj", "{4BA73D3C-4D07-4418-9142-5D85E967526A}"
EndProject
Project("{FAE04EC0-301F-11D3-BF4B-00C04F79EFBC}") = "Receivables", "Receivables\Receivables.csproj", "{1CBBC0E0-3418-4D3C-935B-343E4C76207A}"
EndProject
Project("{FAE04EC0-301F-11D3-BF4B-00C04F79EFBC}") = "Receivables.Bll", "Receivables.Bll\Receivables.Bll.csproj", "{BAE98368-1625-4223-BB09-21D3B686F58B}"
EndProject
Global
	GlobalSection(SolutionConfigurationPlatforms) = preSolution
		Debug|Any CPU = Debug|Any CPU
		Release|Any CPU = Release|Any CPU
	EndGlobalSection
	GlobalSection(ProjectConfigurationPlatforms) = postSolution
		{4BA73D3C-4D07-4418-9142-5D85E967526A}.Debug|Any CPU.ActiveCfg = Debug|Any CPU
		{4BA73D3C-4D07-4418-9142-5D85E967526A}.Debug|Any CPU.Build.0 = Debug|Any CPU
		{4BA73D3C-4D07-4418-9142-5D85E967526A}.Release|Any CPU.ActiveCfg = Release|Any CPU
		{4BA73D3C-4D07-4418-9142-5D85E967526A}.Release|Any CPU.Build.0 = Release|Any CPU
		{1CBBC0E0-3418-4D3C-935B-343E4C76207A}.Debug|Any CPU.ActiveCfg = Debug|Any CPU
		{1CBBC0E0-3418-4D3C-935B-343E4C76207A}.Debug|Any CPU.Build.0 = Debug|Any CPU
		{1CBBC0E0-3418-4D3C-935B-343E4C76207A}.Release|Any CPU.ActiveCfg = Release|Any CPU
		{1CBBC0E0-3418-4D3C-935B-343E4C76207A}.Release|Any CPU.Build.0 = Release|Any CPU
		{BAE98368-1625-4223-BB09-21D3B686F58B}.Debug|Any CPU.ActiveCfg = Debug|Any CPU
		{BAE98368-1625-4223-BB09-21D3B686F58B}.Debug|Any CPU.Build.0 = Debug|Any CPU
		{BAE98368-1625-4223-BB09-21D3B686F58B}.Release|Any CPU.ActiveCfg = Release|Any CPU
		{BAE98368-1625-4223-BB09-21D3B686F58B}.Release|Any CPU.Build.0 = Release|Any CPU
	EndGlobalSection
	GlobalSection(SolutionProperties) = preSolution
		HideSolutionNode = FALSE
	EndGlobalSection
	GlobalSection(ExtensibilityGlobals) = postSolution
		SolutionGuid = {E0A2AAD5-66E0-4F21-B5FE-E613D78EBFE1}
	EndGlobalSection
EndGlobal
