
Microsoft Visual Studio Solution File, Format Version 12.00
# Visual Studio 15
VisualStudioVersion = 15.0.26730.16
MinimumVisualStudioVersion = 10.0.40219.1
Project("{2150E333-8FDC-42A3-9474-1A3956D46DE8}") = "DAL", "DAL", "{B5A8FC9A-EC5A-4344-B84F-D2E8215A2165}"
EndProject
Project("{2150E333-8FDC-42A3-9474-1A3956D46DE8}") = "BusinessLogic", "BusinessLogic", "{F494532F-81C8-48D9-99A7-BAB08ED299CD}"
EndProject
Project("{FAE04EC0-301F-11D3-BF4B-00C04F79EFBC}") = "Receivables.BusinessLogic.Infrastructure", "Receivables.BusinessLogic.Infrastructure\Receivables.BusinessLogic.Infrastructure.csproj", "{FE01841B-4AB1-4C7E-BBFA-CA386286CD5F}"
EndProject
Project("{FAE04EC0-301F-11D3-BF4B-00C04F79EFBC}") = "Receivables.DTO", "Receivables.DTO\Receivables.DTO.csproj", "{6CE0E358-D856-47B7-A837-D3EF36694B05}"
EndProject
Project("{FAE04EC0-301F-11D3-BF4B-00C04F79EFBC}") = "Receivables.Dal", "Receivables.Dal\Receivables.Dal.csproj", "{4BA73D3C-4D07-4418-9142-5D85E967526A}"
EndProject
Project("{FAE04EC0-301F-11D3-BF4B-00C04F79EFBC}") = "Receivables.DAL.Repositories", "Receivables.DAL.Repositories\Receivables.DAL.Repositories.csproj", "{684459E0-65DA-41E9-98C6-287C372D853A}"
EndProject
Project("{FAE04EC0-301F-11D3-BF4B-00C04F79EFBC}") = "Receivables", "Receivables\Receivables.csproj", "{1CBBC0E0-3418-4D3C-935B-343E4C76207A}"
EndProject
Project("{FAE04EC0-301F-11D3-BF4B-00C04F79EFBC}") = "Receivables.Bll", "Receivables.Bll\Receivables.Bll.csproj", "{BAE98368-1625-4223-BB09-21D3B686F58B}"
EndProject
Global
	GlobalSection(SolutionConfigurationPlatforms) = preSolution
		Debug|Any CPU = Debug|Any CPU
		Release|Any CPU = Release|Any CPU
	EndGlobalSection
	GlobalSection(ProjectConfigurationPlatforms) = postSolution
		{FE01841B-4AB1-4C7E-BBFA-CA386286CD5F}.Debug|Any CPU.ActiveCfg = Debug|Any CPU
		{FE01841B-4AB1-4C7E-BBFA-CA386286CD5F}.Debug|Any CPU.Build.0 = Debug|Any CPU
		{FE01841B-4AB1-4C7E-BBFA-CA386286CD5F}.Release|Any CPU.ActiveCfg = Release|Any CPU
		{FE01841B-4AB1-4C7E-BBFA-CA386286CD5F}.Release|Any CPU.Build.0 = Release|Any CPU
		{6CE0E358-D856-47B7-A837-D3EF36694B05}.Debug|Any CPU.ActiveCfg = Debug|Any CPU
		{6CE0E358-D856-47B7-A837-D3EF36694B05}.Debug|Any CPU.Build.0 = Debug|Any CPU
		{6CE0E358-D856-47B7-A837-D3EF36694B05}.Release|Any CPU.ActiveCfg = Release|Any CPU
		{6CE0E358-D856-47B7-A837-D3EF36694B05}.Release|Any CPU.Build.0 = Release|Any CPU
		{4BA73D3C-4D07-4418-9142-5D85E967526A}.Debug|Any CPU.ActiveCfg = Debug|Any CPU
		{4BA73D3C-4D07-4418-9142-5D85E967526A}.Debug|Any CPU.Build.0 = Debug|Any CPU
		{4BA73D3C-4D07-4418-9142-5D85E967526A}.Release|Any CPU.ActiveCfg = Release|Any CPU
		{4BA73D3C-4D07-4418-9142-5D85E967526A}.Release|Any CPU.Build.0 = Release|Any CPU
		{684459E0-65DA-41E9-98C6-287C372D853A}.Debug|Any CPU.ActiveCfg = Debug|Any CPU
		{684459E0-65DA-41E9-98C6-287C372D853A}.Debug|Any CPU.Build.0 = Debug|Any CPU
		{684459E0-65DA-41E9-98C6-287C372D853A}.Release|Any CPU.ActiveCfg = Release|Any CPU
		{684459E0-65DA-41E9-98C6-287C372D853A}.Release|Any CPU.Build.0 = Release|Any CPU
		{1CBBC0E0-3418-4D3C-935B-343E4C76207A}.Debug|Any CPU.ActiveCfg = Debug|Any CPU
		{1CBBC0E0-3418-4D3C-935B-343E4C76207A}.Debug|Any CPU.Build.0 = Debug|Any CPU
		{1CBBC0E0-3418-4D3C-935B-343E4C76207A}.Release|Any CPU.ActiveCfg = Release|Any CPU
		{1CBBC0E0-3418-4D3C-935B-343E4C76207A}.Release|Any CPU.Build.0 = Release|Any CPU
		{BAE98368-1625-4223-BB09-21D3B686F58B}.Debug|Any CPU.ActiveCfg = Debug|Any CPU
		{BAE98368-1625-4223-BB09-21D3B686F58B}.Debug|Any CPU.Build.0 = Debug|Any CPU
		{BAE98368-1625-4223-BB09-21D3B686F58B}.Release|Any CPU.ActiveCfg = Release|Any CPU
		{BAE98368-1625-4223-BB09-21D3B686F58B}.Release|Any CPU.Build.0 = Release|Any CPU
	EndGlobalSection
	GlobalSection(SolutionProperties) = preSolution
		HideSolutionNode = FALSE
	EndGlobalSection
	GlobalSection(NestedProjects) = preSolution
		{FE01841B-4AB1-4C7E-BBFA-CA386286CD5F} = {F494532F-81C8-48D9-99A7-BAB08ED299CD}
		{6CE0E358-D856-47B7-A837-D3EF36694B05} = {F494532F-81C8-48D9-99A7-BAB08ED299CD}
		{4BA73D3C-4D07-4418-9142-5D85E967526A} = {B5A8FC9A-EC5A-4344-B84F-D2E8215A2165}
		{684459E0-65DA-41E9-98C6-287C372D853A} = {B5A8FC9A-EC5A-4344-B84F-D2E8215A2165}
		{BAE98368-1625-4223-BB09-21D3B686F58B} = {F494532F-81C8-48D9-99A7-BAB08ED299CD}
	EndGlobalSection
	GlobalSection(ExtensibilityGlobals) = postSolution
		SolutionGuid = {E0A2AAD5-66E0-4F21-B5FE-E613D78EBFE1}
	EndGlobalSection
EndGlobal
